
Microsoft Visual Studio Solution File, Format Version 12.00
Project("{2150E333-8FDC-42A3-9474-1A3956D46DE8}") = "src", "src", "{99300E2F-9167-456E-9C64-FE0011D6E6AA}"
EndProject
Project("{F2A71F9B-5D33-465A-A702-920D77279786}") = "FSharp.Avro.Apache.Codegen", "src\FSharp.Avro.Apache.Codegen\FSharp.Avro.Apache.Codegen.fsproj", "{FC7FA2BD-602A-46E9-994F-347E6478296D}"
EndProject
Project("{2150E333-8FDC-42A3-9474-1A3956D46DE8}") = "tests", "tests", "{C2955A33-B81E-4067-8D74-6245BACE2351}"
EndProject
Project("{F2A71F9B-5D33-465A-A702-920D77279786}") = "FSharp.Avro.Apache.Tests", "tests\FSharp.Avro.Apache.Tests\FSharp.Avro.Apache.Tests.fsproj", "{1BE5A2BC-1651-420C-8E3F-FB419DB5861A}"
EndProject
Project("{2150E333-8FDC-42A3-9474-1A3956D46DE8}") = "bench", "bench", "{26D2B239-0837-4981-AC77-CF84DB27B3B3}"
EndProject
Project("{F2A71F9B-5D33-465A-A702-920D77279786}") = "FSharp.Avro.Apache.Bench", "bench\FSharp.Avro.Apache.Bench\FSharp.Avro.Apache.Bench.fsproj", "{CB5AD661-4270-4F6D-A735-AC38B97D5E05}"
EndProject
Project("{F2A71F9B-5D33-465A-A702-920D77279786}") = "FSharp.Avro.Apache.Contract", "contract\FSharp.Avro.Apache.Contract\FSharp.Avro.Apache.Contract.fsproj", "{0738DD11-5BFE-4171-9454-D361C47AC058}"
EndProject
Project("{FAE04EC0-301F-11D3-BF4B-00C04F79EFBC}") = "CSharp.Avro.Apache.Contract", "contract\CSharp.Avro.Apache.Contract\CSharp.Avro.Apache.Contract.csproj", "{BD94CBCC-C90B-408C-8F6A-FDD56269EDF8}"
EndProject
Project("{2150E333-8FDC-42A3-9474-1A3956D46DE8}") = "contract", "contract", "{22E9846B-C7BE-416D-81A7-19B690DFF99D}"
EndProject
Global
	GlobalSection(SolutionConfigurationPlatforms) = preSolution
		Debug|Any CPU = Debug|Any CPU
		Release|Any CPU = Release|Any CPU
	EndGlobalSection
	GlobalSection(ProjectConfigurationPlatforms) = postSolution
		{FC7FA2BD-602A-46E9-994F-347E6478296D}.Debug|Any CPU.ActiveCfg = Debug|Any CPU
		{FC7FA2BD-602A-46E9-994F-347E6478296D}.Debug|Any CPU.Build.0 = Debug|Any CPU
		{FC7FA2BD-602A-46E9-994F-347E6478296D}.Release|Any CPU.ActiveCfg = Release|Any CPU
		{FC7FA2BD-602A-46E9-994F-347E6478296D}.Release|Any CPU.Build.0 = Release|Any CPU
		{1BE5A2BC-1651-420C-8E3F-FB419DB5861A}.Debug|Any CPU.ActiveCfg = Debug|Any CPU
		{1BE5A2BC-1651-420C-8E3F-FB419DB5861A}.Debug|Any CPU.Build.0 = Debug|Any CPU
		{1BE5A2BC-1651-420C-8E3F-FB419DB5861A}.Release|Any CPU.ActiveCfg = Release|Any CPU
		{1BE5A2BC-1651-420C-8E3F-FB419DB5861A}.Release|Any CPU.Build.0 = Release|Any CPU
		{CB5AD661-4270-4F6D-A735-AC38B97D5E05}.Release|Any CPU.ActiveCfg = Release|Any CPU
		{CB5AD661-4270-4F6D-A735-AC38B97D5E05}.Release|Any CPU.Build.0 = Release|Any CPU
		{CB5AD661-4270-4F6D-A735-AC38B97D5E05}.Debug|Any CPU.ActiveCfg = Release|Any CPU
		{CB5AD661-4270-4F6D-A735-AC38B97D5E05}.Debug|Any CPU.Build.0 = Release|Any CPU
		{0738DD11-5BFE-4171-9454-D361C47AC058}.Debug|Any CPU.ActiveCfg = Debug|Any CPU
		{0738DD11-5BFE-4171-9454-D361C47AC058}.Debug|Any CPU.Build.0 = Debug|Any CPU
		{0738DD11-5BFE-4171-9454-D361C47AC058}.Release|Any CPU.ActiveCfg = Release|Any CPU
		{0738DD11-5BFE-4171-9454-D361C47AC058}.Release|Any CPU.Build.0 = Release|Any CPU
		{BD94CBCC-C90B-408C-8F6A-FDD56269EDF8}.Debug|Any CPU.ActiveCfg = Debug|Any CPU
		{BD94CBCC-C90B-408C-8F6A-FDD56269EDF8}.Debug|Any CPU.Build.0 = Debug|Any CPU
		{BD94CBCC-C90B-408C-8F6A-FDD56269EDF8}.Release|Any CPU.ActiveCfg = Release|Any CPU
		{BD94CBCC-C90B-408C-8F6A-FDD56269EDF8}.Release|Any CPU.Build.0 = Release|Any CPU
	EndGlobalSection
	GlobalSection(NestedProjects) = preSolution
		{FC7FA2BD-602A-46E9-994F-347E6478296D} = {99300E2F-9167-456E-9C64-FE0011D6E6AA}
		{1BE5A2BC-1651-420C-8E3F-FB419DB5861A} = {C2955A33-B81E-4067-8D74-6245BACE2351}
		{CB5AD661-4270-4F6D-A735-AC38B97D5E05} = {26D2B239-0837-4981-AC77-CF84DB27B3B3}
		{BD94CBCC-C90B-408C-8F6A-FDD56269EDF8} = {22E9846B-C7BE-416D-81A7-19B690DFF99D}
		{0738DD11-5BFE-4171-9454-D361C47AC058} = {22E9846B-C7BE-416D-81A7-19B690DFF99D}
	EndGlobalSection
EndGlobal
